
Microsoft Visual Studio Solution File, Format Version 12.00
# Visual Studio 15
VisualStudioVersion = 15.0.27703.2047
MinimumVisualStudioVersion = 10.0.40219.1
Project("{FAE04EC0-301F-11D3-BF4B-00C04F79EFBC}") = "WhatShouldIDoNext", "WhatShouldIDoNext\WhatShouldIDoNext.csproj", "{F040E3E6-1259-4A05-94DC-5F8ED5530835}"
EndProject
Global
	GlobalSection(SolutionConfigurationPlatforms) = preSolution
		Debug|Any CPU = Debug|Any CPU
		Release|Any CPU = Release|Any CPU
	EndGlobalSection
	GlobalSection(ProjectConfigurationPlatforms) = postSolution
		{F040E3E6-1259-4A05-94DC-5F8ED5530835}.Debug|Any CPU.ActiveCfg = Debug|Any CPU
		{F040E3E6-1259-4A05-94DC-5F8ED5530835}.Debug|Any CPU.Build.0 = Debug|Any CPU
		{F040E3E6-1259-4A05-94DC-5F8ED5530835}.Release|Any CPU.ActiveCfg = Release|Any CPU
		{F040E3E6-1259-4A05-94DC-5F8ED5530835}.Release|Any CPU.Build.0 = Release|Any CPU
	EndGlobalSection
	GlobalSection(SolutionProperties) = preSolution
		HideSolutionNode = FALSE
	EndGlobalSection
	GlobalSection(ExtensibilityGlobals) = postSolution
		SolutionGuid = {8A5FD953-116C-4AE1-AEB4-D6CC7A3032D9}
	EndGlobalSection
EndGlobal
